PODS:
  - AFNetworking (3.2.1):
    - AFNetworking/NSURLSession (= 3.2.1)
    - AFNetworking/Reachability (= 3.2.1)
    - AFNetworking/Security (= 3.2.1)
    - AFNetworking/Serialization (= 3.2.1)
    - AFNetworking/UIKit (= 3.2.1)
  - AFNetworking/NSURLSession (3.2.1):
    - AFNetworking/Reachability
    - AFNetworking/Security
    - AFNetworking/Serialization
  - AFNetworking/Reachability (3.2.1)
  - AFNetworking/Security (3.2.1)
  - AFNetworking/Serialization (3.2.1)
  - AFNetworking/UIKit (3.2.1):
    - AFNetworking/NSURLSession
  - MBProgressHUD (1.1.0)
  - YTKNetwork (2.0.4):
    - AFNetworking (~> 3.0)
  - ZJCCommonTool (0.0.1):
    - AFNetworking
    - MBProgressHUD
    - YTKNetwork

DEPENDENCIES:
  - ZJCCommonTool (from `../`)

EXTERNAL SOURCES:
  ZJCCommonTool:
    :path: ../

SPEC CHECKSUMS:
  AFNetworking: b6f891fdfaed196b46c7a83cf209e09697b94057
  MBProgressHUD: e7baa36a220447d8aeb12769bf0585582f3866d9
  YTKNetwork: df8a7a5597bda1664a4efaa7ef871a818a887fe0
  ZJCCommonTool: 1279cac131e651a7d097fe610ff5b5941e8bdfaf

PODFILE CHECKSUM: cc8ba06455f4194a864b11885a9fdf8376be60d8

COCOAPODS: 1.4.0.beta.1
